{
  "name": "walk-dir-and-read-all-files",
  "version": "0.1.0",
  "lockfileVersion": 1,
  "requires": true,
  "dependencies": {
    "makeerror": {
      "version": "1.0.11",
      "resolved": "http://registry.npm.taobao.org/makeerror/download/makeerror-1.0.11.tgz",
      "integrity": "sha1-4BpckQnyr3lmDk6LlYd5AYT1qWw=",
      "requires": {
        "tmpl": "1.0.4"
      }
    },
    "tmpl": {
      "version": "1.0.4",
      "resolved": "http://registry.npm.taobao.org/tmpl/download/tmpl-1.0.4.tgz",
      "integrity": "sha1-I2QN17QtAEM5ERQIIOXPRA5SHdE="
    },
    "walker": {
      "version": "1.0.7",
      "resolved": "http://registry.npm.taobao.org/walker/download/walker-1.0.7.tgz",
      "integrity": "sha1-L3+bj9ENZ3JisYqITijRlhjgKPs=",
      "requires": {
        "makeerror": "1.0.11"
      }
    }
  }
}
